
Microsoft Visual Studio Solution File, Format Version 12.00
# Visual Studio 2013
VisualStudioVersion = 12.0.21005.1
MinimumVisualStudioVersion = 10.0.40219.1
Project("{FAE04EC0-301F-11D3-BF4B-00C04F79EFBC}") = "paint", "paint\paint.csproj", "{51B10B73-AEC1-476C-9D0D-6394832F48E7}"
EndProject
Project("{FAE04EC0-301F-11D3-BF4B-00C04F79EFBC}") = "UnitTestProject1", "UnitTestProject1\UnitTestProject1.csproj", "{987E2FE9-05A6-4305-968B-98F77E827A98}"
EndProject
Global
	GlobalSection(SolutionConfigurationPlatforms) = preSolution
		Debug|Any CPU = Debug|Any CPU
		Release|Any CPU = Release|Any CPU
	EndGlobalSection
	GlobalSection(ProjectConfigurationPlatforms) = postSolution
		{51B10B73-AEC1-476C-9D0D-6394832F48E7}.Debug|Any CPU.ActiveCfg = Debug|Any CPU
		{51B10B73-AEC1-476C-9D0D-6394832F48E7}.Debug|Any CPU.Build.0 = Debug|Any CPU
		{51B10B73-AEC1-476C-9D0D-6394832F48E7}.Release|Any CPU.ActiveCfg = Release|Any CPU
		{51B10B73-AEC1-476C-9D0D-6394832F48E7}.Release|Any CPU.Build.0 = Release|Any CPU
		{987E2FE9-05A6-4305-968B-98F77E827A98}.Debug|Any CPU.ActiveCfg = Debug|Any CPU
		{987E2FE9-05A6-4305-968B-98F77E827A98}.Debug|Any CPU.Build.0 = Debug|Any CPU
		{987E2FE9-05A6-4305-968B-98F77E827A98}.Release|Any CPU.ActiveCfg = Release|Any CPU
		{987E2FE9-05A6-4305-968B-98F77E827A98}.Release|Any CPU.Build.0 = Release|Any CPU
	EndGlobalSection
	GlobalSection(SolutionProperties) = preSolution
		HideSolutionNode = FALSE
	EndGlobalSection
EndGlobal
